
Microsoft Visual Studio Solution File, Format Version 12.00
# Visual Studio Version 16
VisualStudioVersion = 16.0.32510.428
MinimumVisualStudioVersion = 10.0.40219.1
Project("{FAE04EC0-301F-11D3-BF4B-00C04F79EFBC}") = "Continent-Country-Capital", "Continent-Country-Capital.csproj", "{08A43D5D-5E46-4A3E-AC5C-BE26930E45FA}"
EndProject
Project("{FAE04EC0-301F-11D3-BF4B-00C04F79EFBC}") = "Shop", "Shop\Shop.csproj", "{317FAD7A-81F7-47D1-AD23-24B7B256826E}"
EndProject
Project("{FAE04EC0-301F-11D3-BF4B-00C04F79EFBC}") = "Grades", "Grades\Grades.csproj", "{92530887-CA14-42DF-B42A-1CF1FCABA63C}"
EndProject
Global
	GlobalSection(SolutionConfigurationPlatforms) = preSolution
		Debug|Any CPU = Debug|Any CPU
		Release|Any CPU = Release|Any CPU
	EndGlobalSection
	GlobalSection(ProjectConfigurationPlatforms) = postSolution
		{08A43D5D-5E46-4A3E-AC5C-BE26930E45FA}.Debug|Any CPU.ActiveCfg = Debug|Any CPU
		{08A43D5D-5E46-4A3E-AC5C-BE26930E45FA}.Debug|Any CPU.Build.0 = Debug|Any CPU
		{08A43D5D-5E46-4A3E-AC5C-BE26930E45FA}.Release|Any CPU.ActiveCfg = Release|Any CPU
		{08A43D5D-5E46-4A3E-AC5C-BE26930E45FA}.Release|Any CPU.Build.0 = Release|Any CPU
		{317FAD7A-81F7-47D1-AD23-24B7B256826E}.Debug|Any CPU.ActiveCfg = Debug|Any CPU
		{317FAD7A-81F7-47D1-AD23-24B7B256826E}.Debug|Any CPU.Build.0 = Debug|Any CPU
		{317FAD7A-81F7-47D1-AD23-24B7B256826E}.Release|Any CPU.ActiveCfg = Release|Any CPU
		{317FAD7A-81F7-47D1-AD23-24B7B256826E}.Release|Any CPU.Build.0 = Release|Any CPU
		{92530887-CA14-42DF-B42A-1CF1FCABA63C}.Debug|Any CPU.ActiveCfg = Debug|Any CPU
		{92530887-CA14-42DF-B42A-1CF1FCABA63C}.Debug|Any CPU.Build.0 = Debug|Any CPU
		{92530887-CA14-42DF-B42A-1CF1FCABA63C}.Release|Any CPU.ActiveCfg = Release|Any CPU
		{92530887-CA14-42DF-B42A-1CF1FCABA63C}.Release|Any CPU.Build.0 = Release|Any CPU
	EndGlobalSection
	GlobalSection(SolutionProperties) = preSolution
		HideSolutionNode = FALSE
	EndGlobalSection
	GlobalSection(ExtensibilityGlobals) = postSolution
		SolutionGuid = {EDEFA498-0D7B-4622-943C-965850EE3F30}
	EndGlobalSection
EndGlobal
